// !$*UTF8*$!
{
	archiveVersion = 1;
	classes = {
	};
	objectVersion = 46;
	objects = {

/* Begin PBXBuildFile section */
		283C41C81E0E1F42002A3654 /* Assets.xcassets in Resources */ = {isa = PBXBuildFile; fileRef = 283C41C51E0E1F42002A3654 /* Assets.xcassets */; };
		283C41C91E0E1F42002A3654 /* LaunchScreen.storyboard in Resources */ = {isa = PBXBuildFile; fileRef = 283C41C61E0E1F42002A3654 /* LaunchScreen.storyboard */; };
		283C41CA1E0E1F42002A3654 /* Main.storyboard in Resources */ = {isa = PBXBuildFile; fileRef = 283C41C71E0E1F42002A3654 /* Main.storyboard */; };
		283C41D41E0E2D1C002A3654 /* AppDelegate.swift in Sources */ = {isa = PBXBuildFile; fileRef = 2848CFF31E0E1CF20039DB9C /* AppDelegate.swift */; };
		283C41D71E0E2D1C002A3654 /* Pokertrol-Alpha.plist in Resources */ = {isa = PBXBuildFile; fileRef = 283C41CC1E0E1F73002A3654 /* Pokertrol-Alpha.plist */; };
		283C41D81E0E2D1C002A3654 /* Main.storyboard in Resources */ = {isa = PBXBuildFile; fileRef = 283C41C71E0E1F42002A3654 /* Main.storyboard */; };
		283C41D91E0E2D1C002A3654 /* Assets.xcassets in Resources */ = {isa = PBXBuildFile; fileRef = 283C41C51E0E1F42002A3654 /* Assets.xcassets */; };
		283C41DA1E0E2D1C002A3654 /* LaunchScreen.storyboard in Resources */ = {isa = PBXBuildFile; fileRef = 283C41C61E0E1F42002A3654 /* LaunchScreen.storyboard */; };
		283C41E31E0E36F6002A3654 /* PTTournamentsViewController.swift in Sources */ = {isa = PBXBuildFile; fileRef = 283C41E21E0E36F6002A3654 /* PTTournamentsViewController.swift */; };
		283C41E41E0E36F6002A3654 /* PTTournamentsViewController.swift in Sources */ = {isa = PBXBuildFile; fileRef = 283C41E21E0E36F6002A3654 /* PTTournamentsViewController.swift */; };
		283C41E81E0E38C3002A3654 /* Tournament.swift in Sources */ = {isa = PBXBuildFile; fileRef = 283C41E71E0E38C3002A3654 /* Tournament.swift */; };
		283C41E91E0E38C3002A3654 /* Tournament.swift in Sources */ = {isa = PBXBuildFile; fileRef = 283C41E71E0E38C3002A3654 /* Tournament.swift */; };
		283C41EB1E0E4DE6002A3654 /* PTTournamentMakerViewController.swift in Sources */ = {isa = PBXBuildFile; fileRef = 283C41EA1E0E4DE6002A3654 /* PTTournamentMakerViewController.swift */; };
		283C41EC1E0E4DE6002A3654 /* PTTournamentMakerViewController.swift in Sources */ = {isa = PBXBuildFile; fileRef = 283C41EA1E0E4DE6002A3654 /* PTTournamentMakerViewController.swift */; };
		2848CFF41E0E1CF20039DB9C /* AppDelegate.swift in Sources */ = {isa = PBXBuildFile; fileRef = 2848CFF31E0E1CF20039DB9C /* AppDelegate.swift */; };
		28CEE01A1E0F4F0600CC1D0A /* PTTournamentMakerTitleCell.swift in Sources */ = {isa = PBXBuildFile; fileRef = 28CEE0191E0F4F0600CC1D0A /* PTTournamentMakerTitleCell.swift */; };
		28CEE01B1E0F4F0600CC1D0A /* PTTournamentMakerTitleCell.swift in Sources */ = {isa = PBXBuildFile; fileRef = 28CEE0191E0F4F0600CC1D0A /* PTTournamentMakerTitleCell.swift */; };
		28CEE01D1E0F4F4F00CC1D0A /* PTTournamentMakerOptionCell.swift in Sources */ = {isa = PBXBuildFile; fileRef = 28CEE01C1E0F4F4F00CC1D0A /* PTTournamentMakerOptionCell.swift */; };
		28CEE01E1E0F4F4F00CC1D0A /* PTTournamentMakerOptionCell.swift in Sources */ = {isa = PBXBuildFile; fileRef = 28CEE01C1E0F4F4F00CC1D0A /* PTTournamentMakerOptionCell.swift */; };
		28CEE0201E1062D100CC1D0A /* PTConstants.swift in Sources */ = {isa = PBXBuildFile; fileRef = 28CEE01F1E1062D100CC1D0A /* PTConstants.swift */; };
		28CEE0211E1062D100CC1D0A /* PTConstants.swift in Sources */ = {isa = PBXBuildFile; fileRef = 28CEE01F1E1062D100CC1D0A /* PTConstants.swift */; };
		28F44A071E11AE5300811953 /* PTPickerContainerView.swift in Sources */ = {isa = PBXBuildFile; fileRef = 28F44A061E11AE5300811953 /* PTPickerContainerView.swift */; };
		28F44A081E11AE5300811953 /* PTPickerContainerView.swift in Sources */ = {isa = PBXBuildFile; fileRef = 28F44A061E11AE5300811953 /* PTPickerContainerView.swift */; };
		7B7390C143EFD385BFD2040F /* Pods_Pokertrol_Alpha.framework in Frameworks */ = {isa = PBXBuildFile; fileRef = EDC671246EAB7A994A03157F /* Pods_Pokertrol_Alpha.framework */; };
		C9F2464B80AC640D1918FA36 /* Pods_Pokertrol_AppStore.framework in Frameworks */ = {isa = PBXBuildFile; fileRef = 4E3F86C3BDF8584F005E2C32 /* Pods_Pokertrol_AppStore.framework */; };
/* End PBXBuildFile section */

/* Begin PBXFileReference section */
		283C41C51E0E1F42002A3654 /* Assets.xcassets */ = {isa = PBXFileReference; lastKnownFileType = folder.assetcatalog; path = Assets.xcassets; sourceTree = "<group>"; };
		283C41C61E0E1F42002A3654 /* LaunchScreen.storyboard */ = {isa = PBXFileReference; fileEncoding = 4; lastKnownFileType = file.storyboard; path = LaunchScreen.storyboard; sourceTree = "<group>"; };
		283C41C71E0E1F42002A3654 /* Main.storyboard */ = {isa = PBXFileReference; fileEncoding = 4; lastKnownFileType = file.storyboard; path = Main.storyboard; sourceTree = "<group>"; };
		283C41CC1E0E1F73002A3654 /* Pokertrol-Alpha.plist */ = {isa = PBXFileReference; fileEncoding = 4; lastKnownFileType = text.plist.xml; path = "Pokertrol-Alpha.plist"; sourceTree = "<group>"; };
		283C41DE1E0E2D1C002A3654 /* Pokertrol-AppStore.app */ = {isa = PBXFileReference; explicitFileType = wrapper.application; includeInIndex = 0; path = "Pokertrol-AppStore.app"; sourceTree = BUILT_PRODUCTS_DIR; };
		283C41E01E0E2E6B002A3654 /* Pokertrol-AppStore.plist */ = {isa = PBXFileReference; fileEncoding = 4; lastKnownFileType = text.plist.xml; path = "Pokertrol-AppStore.plist"; sourceTree = "<group>"; };
		283C41E21E0E36F6002A3654 /* PTTournamentsViewController.swift */ = {isa = PBXFileReference; fileEncoding = 4; lastKnownFileType = sourcecode.swift; path = PTTournamentsViewController.swift; sourceTree = "<group>"; };
		283C41E71E0E38C3002A3654 /* Tournament.swift */ = {isa = PBXFileReference; fileEncoding = 4; lastKnownFileType = sourcecode.swift; path = Tournament.swift; sourceTree = "<group>"; };
		283C41EA1E0E4DE6002A3654 /* PTTournamentMakerViewController.swift */ = {isa = PBXFileReference; fileEncoding = 4; lastKnownFileType = sourcecode.swift; path = PTTournamentMakerViewController.swift; sourceTree = "<group>"; };
		2848CFF01E0E1CF20039DB9C /* Pokertrol-Alpha.app */ = {isa = PBXFileReference; explicitFileType = wrapper.application; includeInIndex = 0; path = "Pokertrol-Alpha.app"; sourceTree = BUILT_PRODUCTS_DIR; };
		2848CFF31E0E1CF20039DB9C /* AppDelegate.swift */ = {isa = PBXFileReference; lastKnownFileType = sourcecode.swift; path = AppDelegate.swift; sourceTree = "<group>"; };
		28CEE0191E0F4F0600CC1D0A /* PTTournamentMakerTitleCell.swift */ = {isa = PBXFileReference; fileEncoding = 4; lastKnownFileType = sourcecode.swift; path = PTTournamentMakerTitleCell.swift; sourceTree = "<group>"; };
		28CEE01C1E0F4F4F00CC1D0A /* PTTournamentMakerOptionCell.swift */ = {isa = PBXFileReference; fileEncoding = 4; lastKnownFileType = sourcecode.swift; path = PTTournamentMakerOptionCell.swift; sourceTree = "<group>"; };
		28CEE01F1E1062D100CC1D0A /* PTConstants.swift */ = {isa = PBXFileReference; fileEncoding = 4; lastKnownFileType = sourcecode.swift; path = PTConstants.swift; sourceTree = "<group>"; };
		28F44A061E11AE5300811953 /* PTPickerContainerView.swift */ = {isa = PBXFileReference; fileEncoding = 4; lastKnownFileType = sourcecode.swift; path = PTPickerContainerView.swift; sourceTree = "<group>"; };
		2FBE5C97852AE89406358FE5 /* Pods-Pokertrol-Alpha.debug.xcconfig */ = {isa = PBXFileReference; includeInIndex = 1; lastKnownFileType = text.xcconfig; name = "Pods-Pokertrol-Alpha.debug.xcconfig"; path = "Pods/Target Support Files/Pods-Pokertrol-Alpha/Pods-Pokertrol-Alpha.debug.xcconfig"; sourceTree = "<group>"; };
		48E110374BCA3565F3E23B31 /* Pods-Pokertrol-AppStore.release.xcconfig */ = {isa = PBXFileReference; includeInIndex = 1; lastKnownFileType = text.xcconfig; name = "Pods-Pokertrol-AppStore.release.xcconfig"; path = "Pods/Target Support Files/Pods-Pokertrol-AppStore/Pods-Pokertrol-AppStore.release.xcconfig"; sourceTree = "<group>"; };
		4E3F86C3BDF8584F005E2C32 /* Pods_Pokertrol_AppStore.framework */ = {isa = PBXFileReference; explicitFileType = wrapper.framework; includeInIndex = 0; path = Pods_Pokertrol_AppStore.framework; sourceTree = BUILT_PRODUCTS_DIR; };
		A9B8EED88C8EA8997711077A /* Pods-Pokertrol-Alpha.release.xcconfig */ = {isa = PBXFileReference; includeInIndex = 1; lastKnownFileType = text.xcconfig; name = "Pods-Pokertrol-Alpha.release.xcconfig"; path = "Pods/Target Support Files/Pods-Pokertrol-Alpha/Pods-Pokertrol-Alpha.release.xcconfig"; sourceTree = "<group>"; };
		D1CEFF8F5C46F7CCC7E2E2F9 /* Pods-Pokertrol-AppStore.debug.xcconfig */ = {isa = PBXFileReference; includeInIndex = 1; lastKnownFileType = text.xcconfig; name = "Pods-Pokertrol-AppStore.debug.xcconfig"; path = "Pods/Target Support Files/Pods-Pokertrol-AppStore/Pods-Pokertrol-AppStore.debug.xcconfig"; sourceTree = "<group>"; };
		EDC671246EAB7A994A03157F /* Pods_Pokertrol_Alpha.framework */ = {isa = PBXFileReference; explicitFileType = wrapper.framework; includeInIndex = 0; path = Pods_Pokertrol_Alpha.framework; sourceTree = BUILT_PRODUCTS_DIR; };
/* End PBXFileReference section */

/* Begin PBXFrameworksBuildPhase section */
		283C41D51E0E2D1C002A3654 /* Frameworks */ = {
			isa = PBXFrameworksBuildPhase;
			buildActionMask = 2147483647;
			files = (
				C9F2464B80AC640D1918FA36 /* Pods_Pokertrol_AppStore.framework in Frameworks */,
			);
			runOnlyForDeploymentPostprocessing = 0;
		};
		2848CFED1E0E1CF20039DB9C /* Frameworks */ = {
			isa = PBXFrameworksBuildPhase;
			buildActionMask = 2147483647;
			files = (
				7B7390C143EFD385BFD2040F /* Pods_Pokertrol_Alpha.framework in Frameworks */,
			);
			runOnlyForDeploymentPostprocessing = 0;
		};
/* End PBXFrameworksBuildPhase section */

/* Begin PBXGroup section */
		283C41C41E0E1F42002A3654 /* Resources */ = {
			isa = PBXGroup;
			children = (
				283C41C51E0E1F42002A3654 /* Assets.xcassets */,
				283C41C61E0E1F42002A3654 /* LaunchScreen.storyboard */,
				283C41C71E0E1F42002A3654 /* Main.storyboard */,
			);
			path = Resources;
			sourceTree = "<group>";
		};
		283C41CB1E0E1F73002A3654 /* PList */ = {
			isa = PBXGroup;
			children = (
				283C41CC1E0E1F73002A3654 /* Pokertrol-Alpha.plist */,
				283C41E01E0E2E6B002A3654 /* Pokertrol-AppStore.plist */,
			);
			path = PList;
			sourceTree = "<group>";
		};
		283C41CE1E0E1F7B002A3654 /* ViewControllers */ = {
			isa = PBXGroup;
			children = (
				283C41E21E0E36F6002A3654 /* PTTournamentsViewController.swift */,
				283C41EA1E0E4DE6002A3654 /* PTTournamentMakerViewController.swift */,
			);
			path = ViewControllers;
			sourceTree = "<group>";
		};
		283C41E51E0E382C002A3654 /* Helpers */ = {
			isa = PBXGroup;
			children = (
				28CEE01F1E1062D100CC1D0A /* PTConstants.swift */,
			);
			path = Helpers;
			sourceTree = "<group>";
		};
		283C41E61E0E3899002A3654 /* Models */ = {
			isa = PBXGroup;
			children = (
				283C41E71E0E38C3002A3654 /* Tournament.swift */,
			);
			path = Models;
			sourceTree = "<group>";
		};
		2848CFE71E0E1CF20039DB9C = {
			isa = PBXGroup;
			children = (
				2848CFF21E0E1CF20039DB9C /* Pokertrol */,
				2848CFF11E0E1CF20039DB9C /* Products */,
				F131A9404DB09A0535975FCD /* Pods */,
				7A7826036D3AEA7F6AE15760 /* Frameworks */,
			);
			sourceTree = "<group>";
		};
		2848CFF11E0E1CF20039DB9C /* Products */ = {
			isa = PBXGroup;
			children = (
				2848CFF01E0E1CF20039DB9C /* Pokertrol-Alpha.app */,
				283C41DE1E0E2D1C002A3654 /* Pokertrol-AppStore.app */,
			);
			name = Products;
			sourceTree = "<group>";
		};
		2848CFF21E0E1CF20039DB9C /* Pokertrol */ = {
			isa = PBXGroup;
			children = (
				28CEE0181E0F4EA100CC1D0A /* Views */,
				283C41E61E0E3899002A3654 /* Models */,
				283C41E51E0E382C002A3654 /* Helpers */,
				283C41CE1E0E1F7B002A3654 /* ViewControllers */,
				283C41CB1E0E1F73002A3654 /* PList */,
				283C41C41E0E1F42002A3654 /* Resources */,
				2848CFF31E0E1CF20039DB9C /* AppDelegate.swift */,
			);
			path = Pokertrol;
			sourceTree = "<group>";
		};
		28CEE0181E0F4EA100CC1D0A /* Views */ = {
			isa = PBXGroup;
			children = (
				28CEE0191E0F4F0600CC1D0A /* PTTournamentMakerTitleCell.swift */,
				28CEE01C1E0F4F4F00CC1D0A /* PTTournamentMakerOptionCell.swift */,
				28F44A061E11AE5300811953 /* PTPickerContainerView.swift */,
			);
			path = Views;
			sourceTree = "<group>";
		};
		7A7826036D3AEA7F6AE15760 /* Frameworks */ = {
			isa = PBXGroup;
			children = (
				EDC671246EAB7A994A03157F /* Pods_Pokertrol_Alpha.framework */,
				4E3F86C3BDF8584F005E2C32 /* Pods_Pokertrol_AppStore.framework */,
			);
			name = Frameworks;
			sourceTree = "<group>";
		};
		F131A9404DB09A0535975FCD /* Pods */ = {
			isa = PBXGroup;
			children = (
				2FBE5C97852AE89406358FE5 /* Pods-Pokertrol-Alpha.debug.xcconfig */,
				A9B8EED88C8EA8997711077A /* Pods-Pokertrol-Alpha.release.xcconfig */,
				D1CEFF8F5C46F7CCC7E2E2F9 /* Pods-Pokertrol-AppStore.debug.xcconfig */,
				48E110374BCA3565F3E23B31 /* Pods-Pokertrol-AppStore.release.xcconfig */,
			);
			name = Pods;
			sourceTree = "<group>";
		};
/* End PBXGroup section */

/* Begin PBXNativeTarget section */
		283C41D11E0E2D1C002A3654 /* Pokertrol-AppStore */ = {
			isa = PBXNativeTarget;
			buildConfigurationList = 283C41DB1E0E2D1C002A3654 /* Build configuration list for PBXNativeTarget "Pokertrol-AppStore" */;
			buildPhases = (
				23BEE0A3DAEE72FF92E61848 /* [CP] Check Pods Manifest.lock */,
				283C41D21E0E2D1C002A3654 /* Sources */,
				283C41D51E0E2D1C002A3654 /* Frameworks */,
				283C41D61E0E2D1C002A3654 /* Resources */,
				1CB8858897F780CC6B5A7414 /* [CP] Embed Pods Frameworks */,
				E529A579B53C97206A654FE4 /* [CP] Copy Pods Resources */,
			);
			buildRules = (
			);
			dependencies = (
			);
			name = "Pokertrol-AppStore";
			productName = Pokertrol;
			productReference = 283C41DE1E0E2D1C002A3654 /* Pokertrol-AppStore.app */;
			productType = "com.apple.product-type.application";
		};
		2848CFEF1E0E1CF20039DB9C /* Pokertrol-Alpha */ = {
			isa = PBXNativeTarget;
			buildConfigurationList = 2848D0021E0E1CF20039DB9C /* Build configuration list for PBXNativeTarget "Pokertrol-Alpha" */;
			buildPhases = (
				C7949C7D9FA81759D01AB084 /* [CP] Check Pods Manifest.lock */,
				2848CFEC1E0E1CF20039DB9C /* Sources */,
				2848CFED1E0E1CF20039DB9C /* Frameworks */,
				2848CFEE1E0E1CF20039DB9C /* Resources */,
				42C06EF2AD0D2C5B85C75F6A /* [CP] Embed Pods Frameworks */,
				3909C32661965FE6DDFED1CE /* [CP] Copy Pods Resources */,
			);
			buildRules = (
			);
			dependencies = (
			);
			name = "Pokertrol-Alpha";
			productName = Pokertrol;
			productReference = 2848CFF01E0E1CF20039DB9C /* Pokertrol-Alpha.app */;
			productType = "com.apple.product-type.application";
		};
/* End PBXNativeTarget section */

/* Begin PBXProject section */
		2848CFE81E0E1CF20039DB9C /* Project object */ = {
			isa = PBXProject;
			attributes = {
				LastSwiftUpdateCheck = 0820;
				LastUpgradeCheck = 0820;
				ORGANIZATIONNAME = ramram;
				TargetAttributes = {
					283C41D11E0E2D1C002A3654 = {
						DevelopmentTeam = WEUMM3X4MB;
						ProvisioningStyle = Manual;
					};
					2848CFEF1E0E1CF20039DB9C = {
						CreatedOnToolsVersion = 8.2.1;
						DevelopmentTeam = WEUMM3X4MB;
						ProvisioningStyle = Manual;
					};
				};
			};
			buildConfigurationList = 2848CFEB1E0E1CF20039DB9C /* Build configuration list for PBXProject "Pokertrol" */;
			compatibilityVersion = "Xcode 3.2";
			developmentRegion = English;
			hasScannedForEncodings = 0;
			knownRegions = (
				en,
				Base,
			);
			mainGroup = 2848CFE71E0E1CF20039DB9C;
			productRefGroup = 2848CFF11E0E1CF20039DB9C /* Products */;
			projectDirPath = "";
			projectRoot = "";
			targets = (
				2848CFEF1E0E1CF20039DB9C /* Pokertrol-Alpha */,
				283C41D11E0E2D1C002A3654 /* Pokertrol-AppStore */,
			);
		};
/* End PBXProject section */

/* Begin PBXResourcesBuildPhase section */
		283C41D61E0E2D1C002A3654 /* Resources */ = {
			isa = PBXResourcesBuildPhase;
			buildActionMask = 2147483647;
			files = (
				283C41D71E0E2D1C002A3654 /* Pokertrol-Alpha.plist in Resources */,
				283C41D81E0E2D1C002A3654 /* Main.storyboard in Resources */,
				283C41D91E0E2D1C002A3654 /* Assets.xcassets in Resources */,
				283C41DA1E0E2D1C002A3654 /* LaunchScreen.storyboard in Resources */,
			);
			runOnlyForDeploymentPostprocessing = 0;
		};
		2848CFEE1E0E1CF20039DB9C /* Resources */ = {
			isa = PBXResourcesBuildPhase;
			buildActionMask = 2147483647;
			files = (
				283C41CA1E0E1F42002A3654 /* Main.storyboard in Resources */,
				283C41C81E0E1F42002A3654 /* Assets.xcassets in Resources */,
				283C41C91E0E1F42002A3654 /* LaunchScreen.storyboard in Resources */,
			);
			runOnlyForDeploymentPostprocessing = 0;
		};
/* End PBXResourcesBuildPhase section */

/* Begin PBXShellScriptBuildPhase section */
		1CB8858897F780CC6B5A7414 /* [CP] Embed Pods Frameworks */ = {
			isa = PBXShellScriptBuildPhase;
			buildActionMask = 2147483647;
			files = (
			);
			inputPaths = (
			);
			name = "[CP] Embed Pods Frameworks";
			outputPaths = (
			);
			runOnlyForDeploymentPostprocessing = 0;
			shellPath = /bin/sh;
			shellScript = "\"${SRCROOT}/Pods/Target Support Files/Pods-Pokertrol-AppStore/Pods-Pokertrol-AppStore-frameworks.sh\"\n";
			showEnvVarsInLog = 0;
		};
		23BEE0A3DAEE72FF92E61848 /* [CP] Check Pods Manifest.lock */ = {
			isa = PBXShellScriptBuildPhase;
			buildActionMask = 2147483647;
			files = (
			);
			inputPaths = (
			);
			name = "[CP] Check Pods Manifest.lock";
			outputPaths = (
			);
			runOnlyForDeploymentPostprocessing = 0;
			shellPath = /bin/sh;
			shellScript = "diff \"${PODS_ROOT}/../Podfile.lock\" \"${PODS_ROOT}/Manifest.lock\" > /dev/null\nif [ $? != 0 ] ; then\n    # print error to STDERR\n    echo \"error: The sandbox is not in sync with the Podfile.lock. Run 'pod install' or update your CocoaPods installation.\" >&2\n    exit 1\nfi\n";
			showEnvVarsInLog = 0;
		};
		3909C32661965FE6DDFED1CE /* [CP] Copy Pods Resources */ = {
			isa = PBXShellScriptBuildPhase;
			buildActionMask = 2147483647;
			files = (
			);
			inputPaths = (
			);
			name = "[CP] Copy Pods Resources";
			outputPaths = (
			);
			runOnlyForDeploymentPostprocessing = 0;
			shellPath = /bin/sh;
			shellScript = "\"${SRCROOT}/Pods/Target Support Files/Pods-Pokertrol-Alpha/Pods-Pokertrol-Alpha-resources.sh\"\n";
			showEnvVarsInLog = 0;
		};
		42C06EF2AD0D2C5B85C75F6A /* [CP] Embed Pods Frameworks */ = {
			isa = PBXShellScriptBuildPhase;
			buildActionMask = 2147483647;
			files = (
			);
			inputPaths = (
			);
			name = "[CP] Embed Pods Frameworks";
			outputPaths = (
			);
			runOnlyForDeploymentPostprocessing = 0;
			shellPath = /bin/sh;
			shellScript = "\"${SRCROOT}/Pods/Target Support Files/Pods-Pokertrol-Alpha/Pods-Pokertrol-Alpha-frameworks.sh\"\n";
			showEnvVarsInLog = 0;
		};
		C7949C7D9FA81759D01AB084 /* [CP] Check Pods Manifest.lock */ = {
			isa = PBXShellScriptBuildPhase;
			buildActionMask = 2147483647;
			files = (
			);
			inputPaths = (
			);
			name = "[CP] Check Pods Manifest.lock";
			outputPaths = (
			);
			runOnlyForDeploymentPostprocessing = 0;
			shellPath = /bin/sh;
			shellScript = "diff \"${PODS_ROOT}/../Podfile.lock\" \"${PODS_ROOT}/Manifest.lock\" > /dev/null\nif [ $? != 0 ] ; then\n    # print error to STDERR\n    echo \"error: The sandbox is not in sync with the Podfile.lock. Run 'pod install' or update your CocoaPods installation.\" >&2\n    exit 1\nfi\n";
			showEnvVarsInLog = 0;
		};
		E529A579B53C97206A654FE4 /* [CP] Copy Pods Resources */ = {
			isa = PBXShellScriptBuildPhase;
			buildActionMask = 2147483647;
			files = (
			);
			inputPaths = (
			);
			name = "[CP] Copy Pods Resources";
			outputPaths = (
			);
			runOnlyForDeploymentPostprocessing = 0;
			shellPath = /bin/sh;
			shellScript = "\"${SRCROOT}/Pods/Target Support Files/Pods-Pokertrol-AppStore/Pods-Pokertrol-AppStore-resources.sh\"\n";
			showEnvVarsInLog = 0;
		};
/* End PBXShellScriptBuildPhase section */

/* Begin PBXSourcesBuildPhase section */
		283C41D21E0E2D1C002A3654 /* Sources */ = {
			isa = PBXSourcesBuildPhase;
			buildActionMask = 2147483647;
			files = (
				28CEE01E1E0F4F4F00CC1D0A /* PTTournamentMakerOptionCell.swift in Sources */,
				28CEE0211E1062D100CC1D0A /* PTConstants.swift in Sources */,
				28CEE01B1E0F4F0600CC1D0A /* PTTournamentMakerTitleCell.swift in Sources */,
				283C41EC1E0E4DE6002A3654 /* PTTournamentMakerViewController.swift in Sources */,
				283C41E91E0E38C3002A3654 /* Tournament.swift in Sources */,
				283C41E41E0E36F6002A3654 /* PTTournamentsViewController.swift in Sources */,
				28F44A081E11AE5300811953 /* PTPickerContainerView.swift in Sources */,
				283C41D41E0E2D1C002A3654 /* AppDelegate.swift in Sources */,
			);
			runOnlyForDeploymentPostprocessing = 0;
		};
		2848CFEC1E0E1CF20039DB9C /* Sources */ = {
			isa = PBXSourcesBuildPhase;
			buildActionMask = 2147483647;
			files = (
				28CEE01D1E0F4F4F00CC1D0A /* PTTournamentMakerOptionCell.swift in Sources */,
				28CEE0201E1062D100CC1D0A /* PTConstants.swift in Sources */,
				28CEE01A1E0F4F0600CC1D0A /* PTTournamentMakerTitleCell.swift in Sources */,
				283C41EB1E0E4DE6002A3654 /* PTTournamentMakerViewController.swift in Sources */,
				283C41E81E0E38C3002A3654 /* Tournament.swift in Sources */,
				283C41E31E0E36F6002A3654 /* PTTournamentsViewController.swift in Sources */,
				28F44A071E11AE5300811953 /* PTPickerContainerView.swift in Sources */,
				2848CFF41E0E1CF20039DB9C /* AppDelegate.swift in Sources */,
			);
			runOnlyForDeploymentPostprocessing = 0;
		};
/* End PBXSourcesBuildPhase section */

/* Begin XCBuildConfiguration section */
		283C41DC1E0E2D1C002A3654 /* Debug */ = {
			isa = XCBuildConfiguration;
			baseConfigurationReference = D1CEFF8F5C46F7CCC7E2E2F9 /* Pods-Pokertrol-AppStore.debug.xcconfig */;
			buildSettings = {
				ASSETCATALOG_COMPILER_APPICON_NAME = AppIcon;
				CODE_SIGN_IDENTITY = "iPhone Developer: Ramiro Ramirez Hernandez (9A8JDE7M9P)";
				"CODE_SIGN_IDENTITY[sdk=iphoneos*]" = "iPhone Developer: Ramiro Ramirez Hernandez (9A8JDE7M9P)";
				DEVELOPMENT_TEAM = WEUMM3X4MB;
				INFOPLIST_FILE = "$(SRCROOT)/Pokertrol/PList/Pokertrol-AppStore.plist";
				LD_RUNPATH_SEARCH_PATHS = "$(inherited) @executable_path/Frameworks";
				PRODUCT_BUNDLE_IDENTIFIER = "com.ramram.Pokertrol-AppStore";
				PRODUCT_NAME = "$(TARGET_NAME)";
				PROVISIONING_PROFILE = "b5a5c3a7-8692-442b-9c6a-f9b1b72bafdb";
				PROVISIONING_PROFILE_SPECIFIER = "Pokertrol-AppStore";
				SWIFT_VERSION = 3.0;
			};
			name = Debug;
		};
		283C41DD1E0E2D1C002A3654 /* Release */ = {
			isa = XCBuildConfiguration;
			baseConfigurationReference = 48E110374BCA3565F3E23B31 /* Pods-Pokertrol-AppStore.release.xcconfig */;
			buildSettings = {
				ASSETCATALOG_COMPILER_APPICON_NAME = AppIcon;
				CODE_SIGN_IDENTITY = "iPhone Distribution: Ramiro Ramirez Hernandez (WEUMM3X4MB)";
				"CODE_SIGN_IDENTITY[sdk=iphoneos*]" = "iPhone Distribution: Ramiro Ramirez Hernandez (WEUMM3X4MB)";
				DEVELOPMENT_TEAM = WEUMM3X4MB;
				INFOPLIST_FILE = "$(SRCROOT)/Pokertrol/PList/Pokertrol-AppStore.plist";
				LD_RUNPATH_SEARCH_PATHS = "$(inherited) @executable_path/Frameworks";
				PRODUCT_BUNDLE_IDENTIFIER = "com.ramram.Pokertrol-AppStore";
				PRODUCT_NAME = "$(TARGET_NAME)";
				PROVISIONING_PROFILE = "b5a5c3a7-8692-442b-9c6a-f9b1b72bafdb";
				PROVISIONING_PROFILE_SPECIFIER = "Pokertrol-AppStore";
				SWIFT_VERSION = 3.0;
			};
			name = Release;
		};
		2848D0001E0E1CF20039DB9C /* Debug */ = {
			isa = XCBuildConfiguration;
			buildSettings = {
				ALWAYS_SEARCH_USER_PATHS = NO;
				CLANG_ANALYZER_NONNULL = YES;
				CLANG_CXX_LANGUAGE_STANDARD = "gnu++0x";
				CLANG_CXX_LIBRARY = "libc++";
				CLANG_ENABLE_MODULES = YES;
				CLANG_ENABLE_OBJC_ARC = YES;
				CLANG_WARN_BOOL_CONVERSION = YES;
				CLANG_WARN_CONSTANT_CONVERSION = YES;
				CLANG_WARN_DIRECT_OBJC_ISA_USAGE = YES_ERROR;
				CLANG_WARN_DOCUMENTATION_COMMENTS = YES;
				CLANG_WARN_EMPTY_BODY = YES;
				CLANG_WARN_ENUM_CONVERSION = YES;
				CLANG_WARN_INFINITE_RECURSION = YES;
				CLANG_WARN_INT_CONVERSION = YES;
				CLANG_WARN_OBJC_ROOT_CLASS = YES_ERROR;
				CLANG_WARN_SUSPICIOUS_MOVE = YES;
				CLANG_WARN_UNREACHABLE_CODE = YES;
				CLANG_WARN__DUPLICATE_METHOD_MATCH = YES;
				"CODE_SIGN_IDENTITY[sdk=iphoneos*]" = "iPhone Developer";
				COPY_PHASE_STRIP = NO;
				DEBUG_INFORMATION_FORMAT = dwarf;
				ENABLE_STRICT_OBJC_MSGSEND = YES;
				ENABLE_TESTABILITY = YES;
				GCC_C_LANGUAGE_STANDARD = gnu99;
				GCC_DYNAMIC_NO_PIC = NO;
				GCC_NO_COMMON_BLOCKS = YES;
				GCC_OPTIMIZATION_LEVEL = 0;
				GCC_PREPROCESSOR_DEFINITIONS = (
					"DEBUG=1",
					"$(inherited)",
				);
				GCC_WARN_64_TO_32_BIT_CONVERSION = YES;
				GCC_WARN_ABOUT_RETURN_TYPE = YES_ERROR;
				GCC_WARN_UNDECLARED_SELECTOR = YES;
				GCC_WARN_UNINITIALIZED_AUTOS = YES_AGGRESSIVE;
				GCC_WARN_UNUSED_FUNCTION = YES;
				GCC_WARN_UNUSED_VARIABLE = YES;
				IPHONEOS_DEPLOYMENT_TARGET = 8.2;
				MTL_ENABLE_DEBUG_INFO = YES;
				ONLY_ACTIVE_ARCH = YES;
				SDKROOT = iphoneos;
				SWIFT_ACTIVE_COMPILATION_CONDITIONS = DEBUG;
				SWIFT_OPTIMIZATION_LEVEL = "-Onone";
				TARGETED_DEVICE_FAMILY = "1,2";
			};
			name = Debug;
		};
		2848D0011E0E1CF20039DB9C /* Release */ = {
			isa = XCBuildConfiguration;
			buildSettings = {
				ALWAYS_SEARCH_USER_PATHS = NO;
				CLANG_ANALYZER_NONNULL = YES;
				CLANG_CXX_LANGUAGE_STANDARD = "gnu++0x";
				CLANG_CXX_LIBRARY = "libc++";
				CLANG_ENABLE_MODULES = YES;
				CLANG_ENABLE_OBJC_ARC = YES;
				CLANG_WARN_BOOL_CONVERSION = YES;
				CLANG_WARN_CONSTANT_CONVERSION = YES;
				CLANG_WARN_DIRECT_OBJC_ISA_USAGE = YES_ERROR;
				CLANG_WARN_DOCUMENTATION_COMMENTS = YES;
				CLANG_WARN_EMPTY_BODY = YES;
				CLANG_WARN_ENUM_CONVERSION = YES;
				CLANG_WARN_INFINITE_RECURSION = YES;
				CLANG_WARN_INT_CONVERSION = YES;
				CLANG_WARN_OBJC_ROOT_CLASS = YES_ERROR;
				CLANG_WARN_SUSPICIOUS_MOVE = YES;
				CLANG_WARN_UNREACHABLE_CODE = YES;
				CLANG_WARN__DUPLICATE_METHOD_MATCH = YES;
				"CODE_SIGN_IDENTITY[sdk=iphoneos*]" = "iPhone Developer";
				COPY_PHASE_STRIP = NO;
				DEBUG_INFORMATION_FORMAT = "dwarf-with-dsym";
				ENABLE_NS_ASSERTIONS = NO;
				ENABLE_STRICT_OBJC_MSGSEND = YES;
				GCC_C_LANGUAGE_STANDARD = gnu99;
				GCC_NO_COMMON_BLOCKS = YES;
				GCC_WARN_64_TO_32_BIT_CONVERSION = YES;
				GCC_WARN_ABOUT_RETURN_TYPE = YES_ERROR;
				GCC_WARN_UNDECLARED_SELECTOR = YES;
				GCC_WARN_UNINITIALIZED_AUTOS = YES_AGGRESSIVE;
				GCC_WARN_UNUSED_FUNCTION = YES;
				GCC_WARN_UNUSED_VARIABLE = YES;
				IPHONEOS_DEPLOYMENT_TARGET = 8.2;
				MTL_ENABLE_DEBUG_INFO = NO;
				SDKROOT = iphoneos;
				SWIFT_OPTIMIZATION_LEVEL = "-Owholemodule";
				TARGETED_DEVICE_FAMILY = "1,2";
				VALIDATE_PRODUCT = YES;
			};
			name = Release;
		};
		2848D0031E0E1CF20039DB9C /* Debug */ = {
			isa = XCBuildConfiguration;
			baseConfigurationReference = 2FBE5C97852AE89406358FE5 /* Pods-Pokertrol-Alpha.debug.xcconfig */;
			buildSettings = {
				ASSETCATALOG_COMPILER_APPICON_NAME = AppIcon;
				CODE_SIGN_IDENTITY = "iPhone Developer: Ramiro Ramirez Hernandez (9A8JDE7M9P)";
				"CODE_SIGN_IDENTITY[sdk=iphoneos*]" = "iPhone Developer: Ramiro Ramirez Hernandez (9A8JDE7M9P)";
				DEVELOPMENT_TEAM = WEUMM3X4MB;
				INFOPLIST_FILE = "$(SRCROOT)/Pokertrol/PList/Pokertrol-Alpha.plist";
				LD_RUNPATH_SEARCH_PATHS = "$(inherited) @executable_path/Frameworks";
				PRODUCT_BUNDLE_IDENTIFIER = "com.ramram.Pokertrol-Alpha";
				PRODUCT_NAME = "$(TARGET_NAME)";
				PROVISIONING_PROFILE_SPECIFIER = "Pokertrol-Alpha-DEBUG";
				SWIFT_VERSION = 3.0;
			};
			name = Debug;
		};
		2848D0041E0E1CF20039DB9C /* Release */ = {
			isa = XCBuildConfiguration;
			baseConfigurationReference = A9B8EED88C8EA8997711077A /* Pods-Pokertrol-Alpha.release.xcconfig */;
			buildSettings = {
				ASSETCATALOG_COMPILER_APPICON_NAME = AppIcon;
				CODE_SIGN_IDENTITY = "iPhone Distribution: Ramiro Ramirez Hernandez (WEUMM3X4MB)";
				"CODE_SIGN_IDENTITY[sdk=iphoneos*]" = "iPhone Distribution: Ramiro Ramirez Hernandez (WEUMM3X4MB)";
				DEVELOPMENT_TEAM = WEUMM3X4MB;
				INFOPLIST_FILE = "$(SRCROOT)/Pokertrol/PList/Pokertrol-Alpha.plist";
				LD_RUNPATH_SEARCH_PATHS = "$(inherited) @executable_path/Frameworks";
				PRODUCT_BUNDLE_IDENTIFIER = "com.ramram.Pokertrol-Alpha";
				PRODUCT_NAME = "$(TARGET_NAME)";
				PROVISIONING_PROFILE_SPECIFIER = "Pokertrol-Alpha-RELEASE";
				SWIFT_VERSION = 3.0;
			};
			name = Release;
		};
/* End XCBuildConfiguration section */

/* Begin XCConfigurationList section */
		283C41DB1E0E2D1C002A3654 /* Build configuration list for PBXNativeTarget "Pokertrol-AppStore" */ = {
			isa = XCConfigurationList;
			buildConfigurations = (
				283C41DC1E0E2D1C002A3654 /* Debug */,
				283C41DD1E0E2D1C002A3654 /* Release */,
			);
			defaultConfigurationIsVisible = 0;
			defaultConfigurationName = Release;
		};
		2848CFEB1E0E1CF20039DB9C /* Build configuration list for PBXProject "Pokertrol" */ = {
			isa = XCConfigurationList;
			buildConfigurations = (
				2848D0001E0E1CF20039DB9C /* Debug */,
				2848D0011E0E1CF20039DB9C /* Release */,
			);
			defaultConfigurationIsVisible = 0;
			defaultConfigurationName = Release;
		};
		2848D0021E0E1CF20039DB9C /* Build configuration list for PBXNativeTarget "Pokertrol-Alpha" */ = {
			isa = XCConfigurationList;
			buildConfigurations = (
				2848D0031E0E1CF20039DB9C /* Debug */,
				2848D0041E0E1CF20039DB9C /* Release */,
			);
			defaultConfigurationIsVisible = 0;
			defaultConfigurationName = Release;
		};
/* End XCConfigurationList section */
	};
	rootObject = 2848CFE81E0E1CF20039DB9C /* Project object */;
}
